
Microsoft Visual Studio Solution File, Format Version 12.00
# Visual Studio 15
VisualStudioVersion = 15.0.28307.168
MinimumVisualStudioVersion = 10.0.40219.1
Project("{FAE04EC0-301F-11D3-BF4B-00C04F79EFBC}") = "ConsoleApp1", "ConsoleApp1\ConsoleApp1.csproj", "{C0F19C8D-585B-4879-8BA6-13406E2FAF03}"
EndProject
Project("{FAE04EC0-301F-11D3-BF4B-00C04F79EFBC}") = "ConsoleApp2", "ConsoleApp2\ConsoleApp2.csproj", "{46D92D4E-DEE7-4CBA-BEC8-6CDC76997E25}"
EndProject
Global
	GlobalSection(SolutionConfigurationPlatforms) = preSolution
		Debug|Any CPU = Debug|Any CPU
		Release|Any CPU = Release|Any CPU
	EndGlobalSection
	GlobalSection(ProjectConfigurationPlatforms) = postSolution
		{C0F19C8D-585B-4879-8BA6-13406E2FAF03}.Debug|Any CPU.ActiveCfg = Debug|Any CPU
		{C0F19C8D-585B-4879-8BA6-13406E2FAF03}.Debug|Any CPU.Build.0 = Debug|Any CPU
		{C0F19C8D-585B-4879-8BA6-13406E2FAF03}.Release|Any CPU.ActiveCfg = Release|Any CPU
		{C0F19C8D-585B-4879-8BA6-13406E2FAF03}.Release|Any CPU.Build.0 = Release|Any CPU
		{46D92D4E-DEE7-4CBA-BEC8-6CDC76997E25}.Debug|Any CPU.ActiveCfg = Debug|Any CPU
		{46D92D4E-DEE7-4CBA-BEC8-6CDC76997E25}.Debug|Any CPU.Build.0 = Debug|Any CPU
		{46D92D4E-DEE7-4CBA-BEC8-6CDC76997E25}.Release|Any CPU.ActiveCfg = Release|Any CPU
		{46D92D4E-DEE7-4CBA-BEC8-6CDC76997E25}.Release|Any CPU.Build.0 = Release|Any CPU
	EndGlobalSection
	GlobalSection(SolutionProperties) = preSolution
		HideSolutionNode = FALSE
	EndGlobalSection
	GlobalSection(ExtensibilityGlobals) = postSolution
		SolutionGuid = {15A763B6-BF35-4D54-86FD-71887F7C5F17}
	EndGlobalSection
EndGlobal
